
Microsoft Visual Studio Solution File, Format Version 12.00
# Visual Studio Version 17
VisualStudioVersion = 17.1.32210.238
MinimumVisualStudioVersion = 10.0.40219.1
Project("{2150E333-8FDC-42A3-9474-1A3956D46DE8}") = "src", "src", "{4E665821-0D3D-40C0-B79E-69B9690F3481}"
EndProject
Project("{9A19103F-16F7-4668-BE54-9A1E7A4F7556}") = "Synnduit.Core", "src\Synnduit.Core\Synnduit.Core.csproj", "{42BCFE53-F107-454E-ADA4-861478F2DA0C}"
EndProject
Project("{2150E333-8FDC-42A3-9474-1A3956D46DE8}") = "test", "test", "{1530CB6F-C71E-4ACC-B7FF-BFB6ED4E0885}"
EndProject
Project("{FAE04EC0-301F-11D3-BF4B-00C04F79EFBC}") = "Synnduit.Core.Test", "test\Synnduit.Core.Test\Synnduit.Core.Test.csproj", "{474127AF-FDE1-4638-8919-745C8DC0E828}"
EndProject
Global
	GlobalSection(SolutionConfigurationPlatforms) = preSolution
		Debug|Any CPU = Debug|Any CPU
		Release|Any CPU = Release|Any CPU
	EndGlobalSection
	GlobalSection(ProjectConfigurationPlatforms) = postSolution
		{42BCFE53-F107-454E-ADA4-861478F2DA0C}.Debug|Any CPU.ActiveCfg = Debug|Any CPU
		{42BCFE53-F107-454E-ADA4-861478F2DA0C}.Debug|Any CPU.Build.0 = Debug|Any CPU
		{42BCFE53-F107-454E-ADA4-861478F2DA0C}.Release|Any CPU.ActiveCfg = Release|Any CPU
		{42BCFE53-F107-454E-ADA4-861478F2DA0C}.Release|Any CPU.Build.0 = Release|Any CPU
		{474127AF-FDE1-4638-8919-745C8DC0E828}.Debug|Any CPU.ActiveCfg = Debug|Any CPU
		{474127AF-FDE1-4638-8919-745C8DC0E828}.Debug|Any CPU.Build.0 = Debug|Any CPU
		{474127AF-FDE1-4638-8919-745C8DC0E828}.Release|Any CPU.ActiveCfg = Release|Any CPU
		{474127AF-FDE1-4638-8919-745C8DC0E828}.Release|Any CPU.Build.0 = Release|Any CPU
	EndGlobalSection
	GlobalSection(SolutionProperties) = preSolution
		HideSolutionNode = FALSE
	EndGlobalSection
	GlobalSection(NestedProjects) = preSolution
		{42BCFE53-F107-454E-ADA4-861478F2DA0C} = {4E665821-0D3D-40C0-B79E-69B9690F3481}
		{474127AF-FDE1-4638-8919-745C8DC0E828} = {1530CB6F-C71E-4ACC-B7FF-BFB6ED4E0885}
	EndGlobalSection
	GlobalSection(ExtensibilityGlobals) = postSolution
		SolutionGuid = {D9FC6BC4-7701-4764-B711-7050AA53CE58}
	EndGlobalSection
EndGlobal
